
Microsoft Visual Studio Solution File, Format Version 12.00
# Visual Studio Version 17
VisualStudioVersion = 17.14.36915.13
MinimumVisualStudioVersion = 10.0.40219.1
Project("{FAE04EC0-301F-11D3-BF4B-00C04F79EFBC}") = "SistemGesionGimansio", "SistemGesionGimansio.csproj", "{4720D055-A415-49B1-967F-4F1041FB50C9}"
EndProject
Project("{FAE04EC0-301F-11D3-BF4B-00C04F79EFBC}") = "SistemaGestionGimnasio.Test", "..\SistemaGestionGimnasio.Test\SistemaGestionGimnasio.Test.csproj", "{27D83D1E-ED8E-4E95-9B31-74ABF1629772}"
EndProject
Global
	GlobalSection(SolutionConfigurationPlatforms) = preSolution
		Debug|Any CPU = Debug|Any CPU
		Release|Any CPU = Release|Any CPU
	EndGlobalSection
	GlobalSection(ProjectConfigurationPlatforms) = postSolution
		{4720D055-A415-49B1-967F-4F1041FB50C9}.Debug|Any CPU.ActiveCfg = Debug|Any CPU
		{4720D055-A415-49B1-967F-4F1041FB50C9}.Debug|Any CPU.Build.0 = Debug|Any CPU
		{4720D055-A415-49B1-967F-4F1041FB50C9}.Release|Any CPU.ActiveCfg = Release|Any CPU
		{4720D055-A415-49B1-967F-4F1041FB50C9}.Release|Any CPU.Build.0 = Release|Any CPU
		{27D83D1E-ED8E-4E95-9B31-74ABF1629772}.Debug|Any CPU.ActiveCfg = Debug|Any CPU
		{27D83D1E-ED8E-4E95-9B31-74ABF1629772}.Debug|Any CPU.Build.0 = Debug|Any CPU
		{27D83D1E-ED8E-4E95-9B31-74ABF1629772}.Release|Any CPU.ActiveCfg = Release|Any CPU
		{27D83D1E-ED8E-4E95-9B31-74ABF1629772}.Release|Any CPU.Build.0 = Release|Any CPU
	EndGlobalSection
	GlobalSection(SolutionProperties) = preSolution
		HideSolutionNode = FALSE
	EndGlobalSection
	GlobalSection(ExtensibilityGlobals) = postSolution
		SolutionGuid = {81F84704-E503-4B22-8CB7-4292865A5289}
	EndGlobalSection
EndGlobal
